
Microsoft Visual Studio Solution File, Format Version 12.00
# Visual Studio Version 16
VisualStudioVersion = 16.0.30907.101
MinimumVisualStudioVersion = 10.0.40219.1
Project("{9A19103F-16F7-4668-BE54-9A1E7A4F7556}") = "Entities", "Entities\Entities.csproj", "{A849E44E-8AEC-4815-9B34-8D5A5262C730}"
EndProject
Project("{9A19103F-16F7-4668-BE54-9A1E7A4F7556}") = "Business", "Business\Business.csproj", "{82B0A93A-1228-424D-8DB2-9D63DA2F7F37}"
EndProject
Project("{9A19103F-16F7-4668-BE54-9A1E7A4F7556}") = "DataAccess", "DataAccess\DataAccess.csproj", "{A3F425D7-BF98-4DE2-9BAA-C773729CF72F}"
EndProject
Project("{9A19103F-16F7-4668-BE54-9A1E7A4F7556}") = "ConsoleUI", "ConsoleUI\ConsoleUI.csproj", "{3EC8A3A3-5E76-4B94-AE44-2FCD2913DE4F}"
EndProject
Project("{9A19103F-16F7-4668-BE54-9A1E7A4F7556}") = "Core", "Core\Core.csproj", "{5B88AEED-4645-44AE-8C7A-5A18B5F019A1}"
EndProject
Project("{FAE04EC0-301F-11D3-BF4B-00C04F79EFBC}") = "WebAPI", "WebAPI\WebAPI.csproj", "{F436802A-1DF7-42A7-8DE1-D10B69734970}"
EndProject
Global
	GlobalSection(SolutionConfigurationPlatforms) = preSolution
		Debug|Any CPU = Debug|Any CPU
		Release|Any CPU = Release|Any CPU
	EndGlobalSection
	GlobalSection(ProjectConfigurationPlatforms) = postSolution
		{A849E44E-8AEC-4815-9B34-8D5A5262C730}.Debug|Any CPU.ActiveCfg = Debug|Any CPU
		{A849E44E-8AEC-4815-9B34-8D5A5262C730}.Debug|Any CPU.Build.0 = Debug|Any CPU
		{A849E44E-8AEC-4815-9B34-8D5A5262C730}.Release|Any CPU.ActiveCfg = Release|Any CPU
		{A849E44E-8AEC-4815-9B34-8D5A5262C730}.Release|Any CPU.Build.0 = Release|Any CPU
		{82B0A93A-1228-424D-8DB2-9D63DA2F7F37}.Debug|Any CPU.ActiveCfg = Debug|Any CPU
		{82B0A93A-1228-424D-8DB2-9D63DA2F7F37}.Debug|Any CPU.Build.0 = Debug|Any CPU
		{82B0A93A-1228-424D-8DB2-9D63DA2F7F37}.Release|Any CPU.ActiveCfg = Release|Any CPU
		{82B0A93A-1228-424D-8DB2-9D63DA2F7F37}.Release|Any CPU.Build.0 = Release|Any CPU
		{A3F425D7-BF98-4DE2-9BAA-C773729CF72F}.Debug|Any CPU.ActiveCfg = Debug|Any CPU
		{A3F425D7-BF98-4DE2-9BAA-C773729CF72F}.Debug|Any CPU.Build.0 = Debug|Any CPU
		{A3F425D7-BF98-4DE2-9BAA-C773729CF72F}.Release|Any CPU.ActiveCfg = Release|Any CPU
		{A3F425D7-BF98-4DE2-9BAA-C773729CF72F}.Release|Any CPU.Build.0 = Release|Any CPU
		{3EC8A3A3-5E76-4B94-AE44-2FCD2913DE4F}.Debug|Any CPU.ActiveCfg = Debug|Any CPU
		{3EC8A3A3-5E76-4B94-AE44-2FCD2913DE4F}.Debug|Any CPU.Build.0 = Debug|Any CPU
		{3EC8A3A3-5E76-4B94-AE44-2FCD2913DE4F}.Release|Any CPU.ActiveCfg = Release|Any CPU
		{3EC8A3A3-5E76-4B94-AE44-2FCD2913DE4F}.Release|Any CPU.Build.0 = Release|Any CPU
		{5B88AEED-4645-44AE-8C7A-5A18B5F019A1}.Debug|Any CPU.ActiveCfg = Debug|Any CPU
		{5B88AEED-4645-44AE-8C7A-5A18B5F019A1}.Debug|Any CPU.Build.0 = Debug|Any CPU
		{5B88AEED-4645-44AE-8C7A-5A18B5F019A1}.Release|Any CPU.ActiveCfg = Release|Any CPU
		{5B88AEED-4645-44AE-8C7A-5A18B5F019A1}.Release|Any CPU.Build.0 = Release|Any CPU
		{F436802A-1DF7-42A7-8DE1-D10B69734970}.Debug|Any CPU.ActiveCfg = Debug|Any CPU
		{F436802A-1DF7-42A7-8DE1-D10B69734970}.Debug|Any CPU.Build.0 = Debug|Any CPU
		{F436802A-1DF7-42A7-8DE1-D10B69734970}.Release|Any CPU.ActiveCfg = Release|Any CPU
		{F436802A-1DF7-42A7-8DE1-D10B69734970}.Release|Any CPU.Build.0 = Release|Any CPU
	EndGlobalSection
	GlobalSection(SolutionProperties) = preSolution
		HideSolutionNode = FALSE
	EndGlobalSection
	GlobalSection(ExtensibilityGlobals) = postSolution
		SolutionGuid = {5E386C6D-8C5A-4DB5-9EB6-5C73C1067D61}
	EndGlobalSection
EndGlobal
